
Microsoft Visual Studio Solution File, Format Version 12.00
# Visual Studio Version 16
VisualStudioVersion = 16.0.29326.143
MinimumVisualStudioVersion = 10.0.40219.1
Project("{8BC9CEB8-8B4A-11D0-8D11-00A0C91BC942}") = "Lekcja 3", "Lekcja 3\Lekcja 3.vcxproj", "{E822E100-F32A-4F09-B07A-400ED2C36FC0}"
EndProject
Global
	GlobalSection(SolutionConfigurationPlatforms) = preSolution
		Debug|x64 = Debug|x64
		Debug|x86 = Debug|x86
		Release|x64 = Release|x64
		Release|x86 = Release|x86
	EndGlobalSection
	GlobalSection(ProjectConfigurationPlatforms) = postSolution
		{E822E100-F32A-4F09-B07A-400ED2C36FC0}.Debug|x64.ActiveCfg = Debug|x64
		{E822E100-F32A-4F09-B07A-400ED2C36FC0}.Debug|x64.Build.0 = Debug|x64
		{E822E100-F32A-4F09-B07A-400ED2C36FC0}.Debug|x86.ActiveCfg = Debug|Win32
		{E822E100-F32A-4F09-B07A-400ED2C36FC0}.Debug|x86.Build.0 = Debug|Win32
		{E822E100-F32A-4F09-B07A-400ED2C36FC0}.Release|x64.ActiveCfg = Release|x64
		{E822E100-F32A-4F09-B07A-400ED2C36FC0}.Release|x64.Build.0 = Release|x64
		{E822E100-F32A-4F09-B07A-400ED2C36FC0}.Release|x86.ActiveCfg = Release|Win32
		{E822E100-F32A-4F09-B07A-400ED2C36FC0}.Release|x86.Build.0 = Release|Win32
	EndGlobalSection
	GlobalSection(SolutionProperties) = preSolution
		HideSolutionNode = FALSE
	EndGlobalSection
	GlobalSection(ExtensibilityGlobals) = postSolution
		SolutionGuid = {FB1B6FEF-6EB6-410C-9541-E35DCA8E4A83}
	EndGlobalSection
EndGlobal
